
Microsoft Visual Studio Solution File, Format Version 12.00
# Visual Studio Version 17
VisualStudioVersion = 17.3.32922.545
MinimumVisualStudioVersion = 10.0.40219.1
Project("{FAE04EC0-301F-11D3-BF4B-00C04F79EFBC}") = "ELTaiwuModServer", "ELTaiwuModServer.csproj", "{87D6067C-3D83-42EC-8524-3A222803E6CB}"
EndProject
Global
	GlobalSection(SolutionConfigurationPlatforms) = preSolution
		Debug|Any CPU = Debug|Any CPU
		Debug|x64 = Debug|x64
		Release|Any CPU = Release|Any CPU
		Release|x64 = Release|x64
	EndGlobalSection
	GlobalSection(ProjectConfigurationPlatforms) = postSolution
		{87D6067C-3D83-42EC-8524-3A222803E6CB}.Debug|Any CPU.ActiveCfg = Release|Any CPU
		{87D6067C-3D83-42EC-8524-3A222803E6CB}.Debug|Any CPU.Build.0 = Release|Any CPU
		{87D6067C-3D83-42EC-8524-3A222803E6CB}.Debug|x64.ActiveCfg = Debug|x64
		{87D6067C-3D83-42EC-8524-3A222803E6CB}.Debug|x64.Build.0 = Debug|x64
		{87D6067C-3D83-42EC-8524-3A222803E6CB}.Release|Any CPU.ActiveCfg = Release|Any CPU
		{87D6067C-3D83-42EC-8524-3A222803E6CB}.Release|Any CPU.Build.0 = Release|Any CPU
		{87D6067C-3D83-42EC-8524-3A222803E6CB}.Release|x64.ActiveCfg = Release|x64
		{87D6067C-3D83-42EC-8524-3A222803E6CB}.Release|x64.Build.0 = Release|x64
	EndGlobalSection
	GlobalSection(SolutionProperties) = preSolution
		HideSolutionNode = FALSE
	EndGlobalSection
	GlobalSection(ExtensibilityGlobals) = postSolution
		SolutionGuid = {11F0F648-F3C4-41D9-9798-B5C1AFB4B870}
	EndGlobalSection
EndGlobal
